
Microsoft Visual Studio Solution File, Format Version 12.00
# Visual Studio Version 16
VisualStudioVersion = 16.0.31005.135
MinimumVisualStudioVersion = 10.0.40219.1
Project("{FAE04EC0-301F-11D3-BF4B-00C04F79EFBC}") = "PersonToken", "PersonToken\PersonToken.csproj", "{1B8DD6D6-2698-4999-9C4B-900B78E58128}"
EndProject
Project("{FAE04EC0-301F-11D3-BF4B-00C04F79EFBC}") = "WebToken", "WebToken\WebToken.csproj", "{0E27E4E3-0941-427A-8867-1784E5F08873}"
EndProject
Global
	GlobalSection(SolutionConfigurationPlatforms) = preSolution
		Debug|Any CPU = Debug|Any CPU
		Release|Any CPU = Release|Any CPU
	EndGlobalSection
	GlobalSection(ProjectConfigurationPlatforms) = postSolution
		{1B8DD6D6-2698-4999-9C4B-900B78E58128}.Debug|Any CPU.ActiveCfg = Debug|Any CPU
		{1B8DD6D6-2698-4999-9C4B-900B78E58128}.Debug|Any CPU.Build.0 = Debug|Any CPU
		{1B8DD6D6-2698-4999-9C4B-900B78E58128}.Release|Any CPU.ActiveCfg = Release|Any CPU
		{1B8DD6D6-2698-4999-9C4B-900B78E58128}.Release|Any CPU.Build.0 = Release|Any CPU
		{0E27E4E3-0941-427A-8867-1784E5F08873}.Debug|Any CPU.ActiveCfg = Debug|Any CPU
		{0E27E4E3-0941-427A-8867-1784E5F08873}.Debug|Any CPU.Build.0 = Debug|Any CPU
		{0E27E4E3-0941-427A-8867-1784E5F08873}.Release|Any CPU.ActiveCfg = Release|Any CPU
		{0E27E4E3-0941-427A-8867-1784E5F08873}.Release|Any CPU.Build.0 = Release|Any CPU
	EndGlobalSection
	GlobalSection(SolutionProperties) = preSolution
		HideSolutionNode = FALSE
	EndGlobalSection
	GlobalSection(ExtensibilityGlobals) = postSolution
		SolutionGuid = {AF877F61-DCD1-4727-9CF5-98564D7A9A6C}
	EndGlobalSection
EndGlobal
